# This file is automatically @generated by Cargo.
# It is not intended for manual editing.
version = 4

[[package]]
name = "fire_red_get_values"
version = "0.1.0"

[[package]]
name = "fire_red_map_data"
version = "0.1.0"
dependencies = [
 "fire_red_get_values",
 "libc",
]

[[package]]
name = "libc"
version = "0.2.186"
source = "registry+https://github.com/rust-lang/crates.io-index"
checksum = "68ab91017fe16c622486840e4c83c9a37afeff978bd239b5293d61ece587de66"
